// !$*UTF8*$!
{
	archiveVersion = 1;
	classes = {
	};
	objectVersion = 51;
	objects = {

/* Begin PBXBuildFile section */
		BB188281292D0333004A10B6 /* TimeDepositsView.swift in Sources */ = {isa = PBXBuildFile; fileRef = BB188280292D0333004A10B6 /* TimeDepositsView.swift */; };
		BB188283292D0E7B004A10B6 /* TimeDepositsARSViewModel.swift in Sources */ = {isa = PBXBuildFile; fileRef = BB188282292D0E7B004A10B6 /* TimeDepositsARSViewModel.swift */; };
		BB188286292D12A7004A10B6 /* NewTimeDepositView.swift in Sources */ = {isa = PBXBuildFile; fileRef = BB188285292D12A7004A10B6 /* NewTimeDepositView.swift */; };
		BB188288292D17BA004A10B6 /* NewTimeDepositViewModel.swift in Sources */ = {isa = PBXBuildFile; fileRef = BB188287292D17BA004A10B6 /* NewTimeDepositViewModel.swift */; };
		BB18828A292D1B0D004A10B6 /* DetailsView.swift in Sources */ = {isa = PBXBuildFile; fileRef = BB188289292D1B0D004A10B6 /* DetailsView.swift */; };
		BB18828C292D1F07004A10B6 /* DetailsViewModel.swift in Sources */ = {isa = PBXBuildFile; fileRef = BB18828B292D1F07004A10B6 /* DetailsViewModel.swift */; };
		BB18828E292D246F004A10B6 /* ConfirmationView.swift in Sources */ = {isa = PBXBuildFile; fileRef = BB18828D292D246F004A10B6 /* ConfirmationView.swift */; };
		BB188290292D2C4A004A10B6 /* ConfirmationViewModel.swift in Sources */ = {isa = PBXBuildFile; fileRef = BB18828F292D2C4A004A10B6 /* ConfirmationViewModel.swift */; };
		BB2CB7B5293E47320094747B /* UIImage+Extension.swift in Sources */ = {isa = PBXBuildFile; fileRef = BB2CB7B4293E47320094747B /* UIImage+Extension.swift */; };
		BB312E72293796D90063B35E /* UIStackView+Extension.swift in Sources */ = {isa = PBXBuildFile; fileRef = BB312E71293796D90063B35E /* UIStackView+Extension.swift */; };
		BB312E74293796E70063B35E /* UILabel+Extension.swift in Sources */ = {isa = PBXBuildFile; fileRef = BB312E73293796E70063B35E /* UILabel+Extension.swift */; };
		BB312E792937BC2F0063B35E /* TimeDepositsARSController.swift in Sources */ = {isa = PBXBuildFile; fileRef = BB312E782937BC2F0063B35E /* TimeDepositsARSController.swift */; };
		BB312E7D2937D1550063B35E /* InvestmentsView.swift in Sources */ = {isa = PBXBuildFile; fileRef = BB312E7C2937D1550063B35E /* InvestmentsView.swift */; };
		BB312E8329392FFF0063B35E /* Int+Extension.swift in Sources */ = {isa = PBXBuildFile; fileRef = BB312E8229392FFF0063B35E /* Int+Extension.swift */; };
		BB312E87293944E60063B35E /* CustomSegmentedControl.swift in Sources */ = {isa = PBXBuildFile; fileRef = BB312E86293944E60063B35E /* CustomSegmentedControl.swift */; };
		BB312E8A293A642B0063B35E /* ProximaNovaSoft-Regular.otf in Resources */ = {isa = PBXBuildFile; fileRef = BB312E89293A642B0063B35E /* ProximaNovaSoft-Regular.otf */; };
		BB312E8C293A643D0063B35E /* ProximaNovaSoft-Semibold.otf in Resources */ = {isa = PBXBuildFile; fileRef = BB312E8B293A643D0063B35E /* ProximaNovaSoft-Semibold.otf */; };
		BB312E8E293A64480063B35E /* ProximaNovaSoft-Medium.otf in Resources */ = {isa = PBXBuildFile; fileRef = BB312E8D293A64480063B35E /* ProximaNovaSoft-Medium.otf */; };
		BB312E90293A64510063B35E /* ProximaNovaSoft-Bold.otf in Resources */ = {isa = PBXBuildFile; fileRef = BB312E8F293A64510063B35E /* ProximaNovaSoft-Bold.otf */; };
		BB8EC034295DEA7B008261EC /* DetailsViewModelTests.swift in Sources */ = {isa = PBXBuildFile; fileRef = BB8EC033295DEA7B008261EC /* DetailsViewModelTests.swift */; };
		BB8EC036295DEA97008261EC /* TimeDepositFake.swift in Sources */ = {isa = PBXBuildFile; fileRef = BB8EC035295DEA97008261EC /* TimeDepositFake.swift */; };
		BB8EC038295DEAA6008261EC /* TimeDepositOptionsFake.swift in Sources */ = {isa = PBXBuildFile; fileRef = BB8EC037295DEAA6008261EC /* TimeDepositOptionsFake.swift */; };
		BB8EC03A295DEAAF008261EC /* TimeDepositOptionsViewModelFake.swift in Sources */ = {isa = PBXBuildFile; fileRef = BB8EC039295DEAAF008261EC /* TimeDepositOptionsViewModelFake.swift */; };
		BB8EC03F295DECD7008261EC /* AccountViewModelFake.swift in Sources */ = {isa = PBXBuildFile; fileRef = BB8EC03E295DECD7008261EC /* AccountViewModelFake.swift */; };
		BB8EC041295DED70008261EC /* TimeDepositsARSViewModelTests.swift in Sources */ = {isa = PBXBuildFile; fileRef = BB8EC040295DED70008261EC /* TimeDepositsARSViewModelTests.swift */; };
		BB8EC043295DEE85008261EC /* AccountFake.swift in Sources */ = {isa = PBXBuildFile; fileRef = BB8EC042295DEE85008261EC /* AccountFake.swift */; };
		BB8EC049295E2D11008261EC /* ConfirmationViewModelTests.swift in Sources */ = {isa = PBXBuildFile; fileRef = BB8EC048295E2D11008261EC /* ConfirmationViewModelTests.swift */; };
		BB8EC04B295F36C0008261EC /* NewTimeDepositControllerTests.swift in Sources */ = {isa = PBXBuildFile; fileRef = BB8EC04A295F36C0008261EC /* NewTimeDepositControllerTests.swift */; };
		BBA1DD312926B3550082BE46 /* AppDelegate.swift in Sources */ = {isa = PBXBuildFile; fileRef = BBA1DD302926B3550082BE46 /* AppDelegate.swift */; };
		BBA1DD332926B36E0082BE46 /* SceneDelegate.swift in Sources */ = {isa = PBXBuildFile; fileRef = BBA1DD322926B36E0082BE46 /* SceneDelegate.swift */; };
		BBA1DD3F2926B46A0082BE46 /* UIColor+Extension.swift in Sources */ = {isa = PBXBuildFile; fileRef = BBA1DD3C2926B4690082BE46 /* UIColor+Extension.swift */; };
		BBA1DD4D2926B48E0082BE46 /* TimeDepositCell.swift in Sources */ = {isa = PBXBuildFile; fileRef = BBA1DD472926B48E0082BE46 /* TimeDepositCell.swift */; };
		BBA1DD4E2926B48E0082BE46 /* DetailsCell.swift in Sources */ = {isa = PBXBuildFile; fileRef = BBA1DD482926B48E0082BE46 /* DetailsCell.swift */; };
		BBA1DD4F2926B48E0082BE46 /* TimeDepositDetailsController.swift in Sources */ = {isa = PBXBuildFile; fileRef = BBA1DD492926B48E0082BE46 /* TimeDepositDetailsController.swift */; };
		BBA1DD502926B48E0082BE46 /* ConfirmationController.swift in Sources */ = {isa = PBXBuildFile; fileRef = BBA1DD4A2926B48E0082BE46 /* ConfirmationController.swift */; };
		BBA1DD512926B48E0082BE46 /* NewTimeDepositController.swift in Sources */ = {isa = PBXBuildFile; fileRef = BBA1DD4B2926B48E0082BE46 /* NewTimeDepositController.swift */; };
		BBA1DD522926B48E0082BE46 /* InvestmentsController.swift in Sources */ = {isa = PBXBuildFile; fileRef = BBA1DD4C2926B48E0082BE46 /* InvestmentsController.swift */; };
		BBB2A402296355CB00B879DE /* NewTimeDepositRouter.swift in Sources */ = {isa = PBXBuildFile; fileRef = BBB2A401296355CB00B879DE /* NewTimeDepositRouter.swift */; };
		BBB2A4042963627D00B879DE /* ExtensionTests.swift in Sources */ = {isa = PBXBuildFile; fileRef = BBB2A4032963627D00B879DE /* ExtensionTests.swift */; };
		BBC1E261292FB8A800D276EB /* APIService.swift in Sources */ = {isa = PBXBuildFile; fileRef = BBC1E260292FB8A800D276EB /* APIService.swift */; };
		BBC1E265292FF17E00D276EB /* User.swift in Sources */ = {isa = PBXBuildFile; fileRef = BBC1E264292FF17E00D276EB /* User.swift */; };
		BBC1E267292FF5BC00D276EB /* Bundle+Extension.swift in Sources */ = {isa = PBXBuildFile; fileRef = BBC1E266292FF5BC00D276EB /* Bundle+Extension.swift */; };
		BBC1E2712931175C00D276EB /* Currency.swift in Sources */ = {isa = PBXBuildFile; fileRef = BBC1E2702931175C00D276EB /* Currency.swift */; };
		BBC1E275293448E600D276EB /* APIServiceProtocol.swift in Sources */ = {isa = PBXBuildFile; fileRef = BBC1E274293448E600D276EB /* APIServiceProtocol.swift */; };
		BBC1E27A2934F4EB00D276EB /* APIServiceError.swift in Sources */ = {isa = PBXBuildFile; fileRef = BBC1E2792934F4EB00D276EB /* APIServiceError.swift */; };
		BBC1E28029355CEE00D276EB /* AccountViewModel.swift in Sources */ = {isa = PBXBuildFile; fileRef = BBC1E27F29355CEE00D276EB /* AccountViewModel.swift */; };
		BBC1E28A2936914600D276EB /* Account.swift in Sources */ = {isa = PBXBuildFile; fileRef = BBC1E2892936914600D276EB /* Account.swift */; };
		BBC1E28C2936916300D276EB /* TimeDeposit.swift in Sources */ = {isa = PBXBuildFile; fileRef = BBC1E28B2936916300D276EB /* TimeDeposit.swift */; };
		BBC1E28E2936920400D276EB /* APIServiceResponse.swift in Sources */ = {isa = PBXBuildFile; fileRef = BBC1E28D2936920400D276EB /* APIServiceResponse.swift */; };
		BBD35ACD293E8D49005F8D47 /* USDViewController.swift in Sources */ = {isa = PBXBuildFile; fileRef = BBD35ACC293E8D49005F8D47 /* USDViewController.swift */; };
		BBD35AD1293E9789005F8D47 /* ErrorView.swift in Sources */ = {isa = PBXBuildFile; fileRef = BBD35AD0293E9789005F8D47 /* ErrorView.swift */; };
		BBD35AD3293F918C005F8D47 /* NumberFormatter.swift in Sources */ = {isa = PBXBuildFile; fileRef = BBD35AD2293F918C005F8D47 /* NumberFormatter.swift */; };
		BBD44CA5292D602100FF349C /* Localizable.strings in Resources */ = {isa = PBXBuildFile; fileRef = BBD44CA4292D602100FF349C /* Localizable.strings */; };
		BBD44CAC292E7E5B00FF349C /* String+Extension.swift in Sources */ = {isa = PBXBuildFile; fileRef = BBD44CAB292E7E5B00FF349C /* String+Extension.swift */; };
		BBD44CB0292E7E9800FF349C /* Date+Extension.swift in Sources */ = {isa = PBXBuildFile; fileRef = BBD44CAF292E7E9800FF349C /* Date+Extension.swift */; };
		BBD44CB2292E7FC000FF349C /* Array+Extension.swift in Sources */ = {isa = PBXBuildFile; fileRef = BBD44CB1292E7FC000FF349C /* Array+Extension.swift */; };
		BBD44CB4292E95EA00FF349C /* Theme.swift in Sources */ = {isa = PBXBuildFile; fileRef = BBD44CB3292E95EA00FF349C /* Theme.swift */; };
		BBE4A8F8295B6E3600D0ED49 /* Double+Extension.swift in Sources */ = {isa = PBXBuildFile; fileRef = BBE4A8F7295B6E3600D0ED49 /* Double+Extension.swift */; };
		BBE6719D294B7FE900019DB9 /* TimeDepositCellViewModel.swift in Sources */ = {isa = PBXBuildFile; fileRef = BBE6719C294B7FE900019DB9 /* TimeDepositCellViewModel.swift */; };
		BBE671A0294B800700019DB9 /* DetailsCellViewModel.swift in Sources */ = {isa = PBXBuildFile; fileRef = BBE6719F294B800700019DB9 /* DetailsCellViewModel.swift */; };
		BBE671A42950AB9300019DB9 /* TimeDepositOptions.swift in Sources */ = {isa = PBXBuildFile; fileRef = BBE671A32950AB9300019DB9 /* TimeDepositOptions.swift */; };
		BBE671A62950BE8D00019DB9 /* TimeDepositOptionsViewModel.swift in Sources */ = {isa = PBXBuildFile; fileRef = BBE671A52950BE8D00019DB9 /* TimeDepositOptionsViewModel.swift */; };
		BBE6D9AE2954DCAA00995250 /* GraphQLQuery.swift in Sources */ = {isa = PBXBuildFile; fileRef = BBE6D9AD2954DCAA00995250 /* GraphQLQuery.swift */; };
		D168ED91A1E52799E8D7CDE4 /* Pods_bootcamp.framework in Frameworks */ = {isa = PBXBuildFile; fileRef = A4967A34CFA4240B45984DD1 /* Pods_bootcamp.framework */; };
		D3D264D02679338900F217D0 /* Assets.xcassets in Resources */ = {isa = PBXBuildFile; fileRef = D3D264CF2679338900F217D0 /* Assets.xcassets */; };
		D3D264D32679338900F217D0 /* LaunchScreen.storyboard in Resources */ = {isa = PBXBuildFile; fileRef = D3D264D12679338900F217D0 /* LaunchScreen.storyboard */; };
		D3D264DE2679338900F217D0 /* NewTimeDepositViewModelTests.swift in Sources */ = {isa = PBXBuildFile; fileRef = D3D264DD2679338900F217D0 /* NewTimeDepositViewModelTests.swift */; };
		D4CADEE8E494B1EB1A9BF0EB /* Pods_bootcampTests.framework in Frameworks */ = {isa = PBXBuildFile; fileRef = 8AB12282009F41CF7943045A /* Pods_bootcampTests.framework */; };
/* End PBXBuildFile section */

/* Begin PBXContainerItemProxy section */
		D3D264DA2679338900F217D0 /* PBXContainerItemProxy */ = {
			isa = PBXContainerItemProxy;
			containerPortal = D3D264BB2679338800F217D0 /* Project object */;
			proxyType = 1;
			remoteGlobalIDString = D3D264C22679338800F217D0;
			remoteInfo = bootcamp;
		};
/* End PBXContainerItemProxy section */

/* Begin PBXFileReference section */
		34D2C5D95BD1D83658F5A36D /* Pods-bootcamp-bootcampUITests.debug.xcconfig */ = {isa = PBXFileReference; includeInIndex = 1; lastKnownFileType = text.xcconfig; name = "Pods-bootcamp-bootcampUITests.debug.xcconfig"; path = "Target Support Files/Pods-bootcamp-bootcampUITests/Pods-bootcamp-bootcampUITests.debug.xcconfig"; sourceTree = "<group>"; };
		7AE3106F652C37DD3E531221 /* Pods-bootcampTests.release.xcconfig */ = {isa = PBXFileReference; includeInIndex = 1; lastKnownFileType = text.xcconfig; name = "Pods-bootcampTests.release.xcconfig"; path = "Target Support Files/Pods-bootcampTests/Pods-bootcampTests.release.xcconfig"; sourceTree = "<group>"; };
		7D47919CF6DF796A1B461F54 /* Pods-bootcamp-bootcampUITests.release.xcconfig */ = {isa = PBXFileReference; includeInIndex = 1; lastKnownFileType = text.xcconfig; name = "Pods-bootcamp-bootcampUITests.release.xcconfig"; path = "Target Support Files/Pods-bootcamp-bootcampUITests/Pods-bootcamp-bootcampUITests.release.xcconfig"; sourceTree = "<group>"; };
		8AB12282009F41CF7943045A /* Pods_bootcampTests.framework */ = {isa = PBXFileReference; explicitFileType = wrapper.framework; includeInIndex = 0; path = Pods_bootcampTests.framework; sourceTree = BUILT_PRODUCTS_DIR; };
		8F1EC0753FCCB95DDEDCE5B8 /* Pods_bootcamp_bootcampUITests.framework */ = {isa = PBXFileReference; explicitFileType = wrapper.framework; includeInIndex = 0; path = Pods_bootcamp_bootcampUITests.framework; sourceTree = BUILT_PRODUCTS_DIR; };
		9CBA4F29EC96AE8700390648 /* Pods-bootcampTests.debug.xcconfig */ = {isa = PBXFileReference; includeInIndex = 1; lastKnownFileType = text.xcconfig; name = "Pods-bootcampTests.debug.xcconfig"; path = "Target Support Files/Pods-bootcampTests/Pods-bootcampTests.debug.xcconfig"; sourceTree = "<group>"; };
		A4967A34CFA4240B45984DD1 /* Pods_bootcamp.framework */ = {isa = PBXFileReference; explicitFileType = wrapper.framework; includeInIndex = 0; path = Pods_bootcamp.framework; sourceTree = BUILT_PRODUCTS_DIR; };
		BB188280292D0333004A10B6 /* TimeDepositsView.swift */ = {isa = PBXFileReference; lastKnownFileType = sourcecode.swift; path = TimeDepositsView.swift; sourceTree = "<group>"; };
		BB188282292D0E7B004A10B6 /* TimeDepositsARSViewModel.swift */ = {isa = PBXFileReference; lastKnownFileType = sourcecode.swift; path = TimeDepositsARSViewModel.swift; sourceTree = "<group>"; };
		BB188285292D12A7004A10B6 /* NewTimeDepositView.swift */ = {isa = PBXFileReference; lastKnownFileType = sourcecode.swift; path = NewTimeDepositView.swift; sourceTree = "<group>"; };
		BB188287292D17BA004A10B6 /* NewTimeDepositViewModel.swift */ = {isa = PBXFileReference; lastKnownFileType = sourcecode.swift; path = NewTimeDepositViewModel.swift; sourceTree = "<group>"; };
		BB188289292D1B0D004A10B6 /* DetailsView.swift */ = {isa = PBXFileReference; lastKnownFileType = sourcecode.swift; path = DetailsView.swift; sourceTree = "<group>"; };
		BB18828B292D1F07004A10B6 /* DetailsViewModel.swift */ = {isa = PBXFileReference; lastKnownFileType = sourcecode.swift; path = DetailsViewModel.swift; sourceTree = "<group>"; };
		BB18828D292D246F004A10B6 /* ConfirmationView.swift */ = {isa = PBXFileReference; lastKnownFileType = sourcecode.swift; path = ConfirmationView.swift; sourceTree = "<group>"; };
		BB18828F292D2C4A004A10B6 /* ConfirmationViewModel.swift */ = {isa = PBXFileReference; lastKnownFileType = sourcecode.swift; path = ConfirmationViewModel.swift; sourceTree = "<group>"; };
		BB2CB7B4293E47320094747B /* UIImage+Extension.swift */ = {isa = PBXFileReference; lastKnownFileType = sourcecode.swift; path = "UIImage+Extension.swift"; sourceTree = "<group>"; };
		BB312E71293796D90063B35E /* UIStackView+Extension.swift */ = {isa = PBXFileReference; lastKnownFileType = sourcecode.swift; path = "UIStackView+Extension.swift"; sourceTree = "<group>"; };
		BB312E73293796E70063B35E /* UILabel+Extension.swift */ = {isa = PBXFileReference; lastKnownFileType = sourcecode.swift; path = "UILabel+Extension.swift"; sourceTree = "<group>"; };
		BB312E782937BC2F0063B35E /* TimeDepositsARSController.swift */ = {isa = PBXFileReference; lastKnownFileType = sourcecode.swift; path = TimeDepositsARSController.swift; sourceTree = "<group>"; };
		BB312E7C2937D1550063B35E /* InvestmentsView.swift */ = {isa = PBXFileReference; lastKnownFileType = sourcecode.swift; path = InvestmentsView.swift; sourceTree = "<group>"; };
		BB312E8229392FFF0063B35E /* Int+Extension.swift */ = {isa = PBXFileReference; lastKnownFileType = sourcecode.swift; path = "Int+Extension.swift"; sourceTree = "<group>"; };
		BB312E86293944E60063B35E /* CustomSegmentedControl.swift */ = {isa = PBXFileReference; lastKnownFileType = sourcecode.swift; path = CustomSegmentedControl.swift; sourceTree = "<group>"; };
		BB312E89293A642B0063B35E /* ProximaNovaSoft-Regular.otf */ = {isa = PBXFileReference; lastKnownFileType = file; path = "ProximaNovaSoft-Regular.otf"; sourceTree = "<group>"; };
		BB312E8B293A643D0063B35E /* ProximaNovaSoft-Semibold.otf */ = {isa = PBXFileReference; lastKnownFileType = file; path = "ProximaNovaSoft-Semibold.otf"; sourceTree = "<group>"; };
		BB312E8D293A64480063B35E /* ProximaNovaSoft-Medium.otf */ = {isa = PBXFileReference; lastKnownFileType = file; path = "ProximaNovaSoft-Medium.otf"; sourceTree = "<group>"; };
		BB312E8F293A64510063B35E /* ProximaNovaSoft-Bold.otf */ = {isa = PBXFileReference; lastKnownFileType = file; path = "ProximaNovaSoft-Bold.otf"; sourceTree = "<group>"; };
		BB8EC033295DEA7B008261EC /* DetailsViewModelTests.swift */ = {isa = PBXFileReference; lastKnownFileType = sourcecode.swift; path = DetailsViewModelTests.swift; sourceTree = "<group>"; };
		BB8EC035295DEA97008261EC /* TimeDepositFake.swift */ = {isa = PBXFileReference; fileEncoding = 4; lastKnownFileType = sourcecode.swift; path = TimeDepositFake.swift; sourceTree = "<group>"; };
		BB8EC037295DEAA6008261EC /* TimeDepositOptionsFake.swift */ = {isa = PBXFileReference; fileEncoding = 4; lastKnownFileType = sourcecode.swift; path = TimeDepositOptionsFake.swift; sourceTree = "<group>"; };
		BB8EC039295DEAAF008261EC /* TimeDepositOptionsViewModelFake.swift */ = {isa = PBXFileReference; fileEncoding = 4; lastKnownFileType = sourcecode.swift; path = TimeDepositOptionsViewModelFake.swift; sourceTree = "<group>"; };
		BB8EC03E295DECD7008261EC /* AccountViewModelFake.swift */ = {isa = PBXFileReference; lastKnownFileType = sourcecode.swift; path = AccountViewModelFake.swift; sourceTree = "<group>"; };
		BB8EC040295DED70008261EC /* TimeDepositsARSViewModelTests.swift */ = {isa = PBXFileReference; lastKnownFileType = sourcecode.swift; path = TimeDepositsARSViewModelTests.swift; sourceTree = "<group>"; };
		BB8EC042295DEE85008261EC /* AccountFake.swift */ = {isa = PBXFileReference; lastKnownFileType = sourcecode.swift; path = AccountFake.swift; sourceTree = "<group>"; };
		BB8EC048295E2D11008261EC /* ConfirmationViewModelTests.swift */ = {isa = PBXFileReference; lastKnownFileType = sourcecode.swift; path = ConfirmationViewModelTests.swift; sourceTree = "<group>"; };
		BB8EC04A295F36C0008261EC /* NewTimeDepositControllerTests.swift */ = {isa = PBXFileReference; lastKnownFileType = sourcecode.swift; path = NewTimeDepositControllerTests.swift; sourceTree = "<group>"; };
		BBA1DD302926B3550082BE46 /* AppDelegate.swift */ = {isa = PBXFileReference; fileEncoding = 4; lastKnownFileType = sourcecode.swift; path = AppDelegate.swift; sourceTree = "<group>"; };
		BBA1DD322926B36E0082BE46 /* SceneDelegate.swift */ = {isa = PBXFileReference; fileEncoding = 4; lastKnownFileType = sourcecode.swift; path = SceneDelegate.swift; sourceTree = "<group>"; };
		BBA1DD3C2926B4690082BE46 /* UIColor+Extension.swift */ = {isa = PBXFileReference; fileEncoding = 4; lastKnownFileType = sourcecode.swift; path = "UIColor+Extension.swift"; sourceTree = "<group>"; };
		BBA1DD472926B48E0082BE46 /* TimeDepositCell.swift */ = {isa = PBXFileReference; fileEncoding = 4; lastKnownFileType = sourcecode.swift; path = TimeDepositCell.swift; sourceTree = "<group>"; };
		BBA1DD482926B48E0082BE46 /* DetailsCell.swift */ = {isa = PBXFileReference; fileEncoding = 4; lastKnownFileType = sourcecode.swift; path = DetailsCell.swift; sourceTree = "<group>"; };
		BBA1DD492926B48E0082BE46 /* TimeDepositDetailsController.swift */ = {isa = PBXFileReference; fileEncoding = 4; lastKnownFileType = sourcecode.swift; path = TimeDepositDetailsController.swift; sourceTree = "<group>"; };
		BBA1DD4A2926B48E0082BE46 /* ConfirmationController.swift */ = {isa = PBXFileReference; fileEncoding = 4; lastKnownFileType = sourcecode.swift; path = ConfirmationController.swift; sourceTree = "<group>"; };
		BBA1DD4B2926B48E0082BE46 /* NewTimeDepositController.swift */ = {isa = PBXFileReference; fileEncoding = 4; lastKnownFileType = sourcecode.swift; path = NewTimeDepositController.swift; sourceTree = "<group>"; };
		BBA1DD4C2926B48E0082BE46 /* InvestmentsController.swift */ = {isa = PBXFileReference; fileEncoding = 4; lastKnownFileType = sourcecode.swift; path = InvestmentsController.swift; sourceTree = "<group>"; };
		BBB2A401296355CB00B879DE /* NewTimeDepositRouter.swift */ = {isa = PBXFileReference; lastKnownFileType = sourcecode.swift; path = NewTimeDepositRouter.swift; sourceTree = "<group>"; };
		BBB2A4032963627D00B879DE /* ExtensionTests.swift */ = {isa = PBXFileReference; lastKnownFileType = sourcecode.swift; path = ExtensionTests.swift; sourceTree = "<group>"; };
		BBC1E260292FB8A800D276EB /* APIService.swift */ = {isa = PBXFileReference; lastKnownFileType = sourcecode.swift; path = APIService.swift; sourceTree = "<group>"; };
		BBC1E264292FF17E00D276EB /* User.swift */ = {isa = PBXFileReference; lastKnownFileType = sourcecode.swift; path = User.swift; sourceTree = "<group>"; };
		BBC1E266292FF5BC00D276EB /* Bundle+Extension.swift */ = {isa = PBXFileReference; lastKnownFileType = sourcecode.swift; path = "Bundle+Extension.swift"; sourceTree = "<group>"; };
		BBC1E2702931175C00D276EB /* Currency.swift */ = {isa = PBXFileReference; lastKnownFileType = sourcecode.swift; path = Currency.swift; sourceTree = "<group>"; };
		BBC1E274293448E600D276EB /* APIServiceProtocol.swift */ = {isa = PBXFileReference; lastKnownFileType = sourcecode.swift; path = APIServiceProtocol.swift; sourceTree = "<group>"; };
		BBC1E2792934F4EB00D276EB /* APIServiceError.swift */ = {isa = PBXFileReference; lastKnownFileType = sourcecode.swift; path = APIServiceError.swift; sourceTree = "<group>"; };
		BBC1E27F29355CEE00D276EB /* AccountViewModel.swift */ = {isa = PBXFileReference; lastKnownFileType = sourcecode.swift; path = AccountViewModel.swift; sourceTree = "<group>"; };
		BBC1E2892936914600D276EB /* Account.swift */ = {isa = PBXFileReference; lastKnownFileType = sourcecode.swift; path = Account.swift; sourceTree = "<group>"; };
		BBC1E28B2936916300D276EB /* TimeDeposit.swift */ = {isa = PBXFileReference; lastKnownFileType = sourcecode.swift; path = TimeDeposit.swift; sourceTree = "<group>"; };
		BBC1E28D2936920400D276EB /* APIServiceResponse.swift */ = {isa = PBXFileReference; lastKnownFileType = sourcecode.swift; path = APIServiceResponse.swift; sourceTree = "<group>"; };
		BBD35ACC293E8D49005F8D47 /* USDViewController.swift */ = {isa = PBXFileReference; lastKnownFileType = sourcecode.swift; path = USDViewController.swift; sourceTree = "<group>"; };
		BBD35AD0293E9789005F8D47 /* ErrorView.swift */ = {isa = PBXFileReference; lastKnownFileType = sourcecode.swift; path = ErrorView.swift; sourceTree = "<group>"; };
		BBD35AD2293F918C005F8D47 /* NumberFormatter.swift */ = {isa = PBXFileReference; lastKnownFileType = sourcecode.swift; path = NumberFormatter.swift; sourceTree = "<group>"; };
		BBD44CA4292D602100FF349C /* Localizable.strings */ = {isa = PBXFileReference; lastKnownFileType = text.plist.strings; path = Localizable.strings; sourceTree = "<group>"; };
		BBD44CAB292E7E5B00FF349C /* String+Extension.swift */ = {isa = PBXFileReference; lastKnownFileType = sourcecode.swift; path = "String+Extension.swift"; sourceTree = "<group>"; };
		BBD44CAF292E7E9800FF349C /* Date+Extension.swift */ = {isa = PBXFileReference; lastKnownFileType = sourcecode.swift; path = "Date+Extension.swift"; sourceTree = "<group>"; };
		BBD44CB1292E7FC000FF349C /* Array+Extension.swift */ = {isa = PBXFileReference; lastKnownFileType = sourcecode.swift; path = "Array+Extension.swift"; sourceTree = "<group>"; };
		BBD44CB3292E95EA00FF349C /* Theme.swift */ = {isa = PBXFileReference; lastKnownFileType = sourcecode.swift; path = Theme.swift; sourceTree = "<group>"; };
		BBE4A8F7295B6E3600D0ED49 /* Double+Extension.swift */ = {isa = PBXFileReference; lastKnownFileType = sourcecode.swift; path = "Double+Extension.swift"; sourceTree = "<group>"; };
		BBE6719C294B7FE900019DB9 /* TimeDepositCellViewModel.swift */ = {isa = PBXFileReference; lastKnownFileType = sourcecode.swift; path = TimeDepositCellViewModel.swift; sourceTree = "<group>"; };
		BBE6719F294B800700019DB9 /* DetailsCellViewModel.swift */ = {isa = PBXFileReference; lastKnownFileType = sourcecode.swift; path = DetailsCellViewModel.swift; sourceTree = "<group>"; };
		BBE671A32950AB9300019DB9 /* TimeDepositOptions.swift */ = {isa = PBXFileReference; lastKnownFileType = sourcecode.swift; path = TimeDepositOptions.swift; sourceTree = "<group>"; };
		BBE671A52950BE8D00019DB9 /* TimeDepositOptionsViewModel.swift */ = {isa = PBXFileReference; lastKnownFileType = sourcecode.swift; path = TimeDepositOptionsViewModel.swift; sourceTree = "<group>"; };
		BBE6D9AD2954DCAA00995250 /* GraphQLQuery.swift */ = {isa = PBXFileReference; lastKnownFileType = sourcecode.swift; path = GraphQLQuery.swift; sourceTree = "<group>"; };
		C66445C029551C8D357A3078 /* Pods-bootcamp.debug.xcconfig */ = {isa = PBXFileReference; includeInIndex = 1; lastKnownFileType = text.xcconfig; name = "Pods-bootcamp.debug.xcconfig"; path = "Target Support Files/Pods-bootcamp/Pods-bootcamp.debug.xcconfig"; sourceTree = "<group>"; };
		D3D264C32679338800F217D0 /* bootcamp.app */ = {isa = PBXFileReference; explicitFileType = wrapper.application; includeInIndex = 0; path = bootcamp.app; sourceTree = BUILT_PRODUCTS_DIR; };
		D3D264CF2679338900F217D0 /* Assets.xcassets */ = {isa = PBXFileReference; lastKnownFileType = folder.assetcatalog; path = Assets.xcassets; sourceTree = "<group>"; };
		D3D264D22679338900F217D0 /* Base */ = {isa = PBXFileReference; lastKnownFileType = file.storyboard; name = Base; path = Base.lproj/LaunchScreen.storyboard; sourceTree = "<group>"; };
		D3D264D42679338900F217D0 /* Info.plist */ = {isa = PBXFileReference; lastKnownFileType = text.plist.xml; path = Info.plist; sourceTree = "<group>"; };
		D3D264D92679338900F217D0 /* bootcampTests.xctest */ = {isa = PBXFileReference; explicitFileType = wrapper.cfbundle; includeInIndex = 0; path = bootcampTests.xctest; sourceTree = BUILT_PRODUCTS_DIR; };
		D3D264DD2679338900F217D0 /* NewTimeDepositViewModelTests.swift */ = {isa = PBXFileReference; lastKnownFileType = sourcecode.swift; path = NewTimeDepositViewModelTests.swift; sourceTree = "<group>"; };
		D3D264DF2679338900F217D0 /* Info.plist */ = {isa = PBXFileReference; lastKnownFileType = text.plist.xml; path = Info.plist; sourceTree = "<group>"; };
		F7FEBB185DBFAA31E43515C9 /* Pods-bootcamp.release.xcconfig */ = {isa = PBXFileReference; includeInIndex = 1; lastKnownFileType = text.xcconfig; name = "Pods-bootcamp.release.xcconfig"; path = "Target Support Files/Pods-bootcamp/Pods-bootcamp.release.xcconfig"; sourceTree = "<group>"; };
/* End PBXFileReference section */

/* Begin PBXFrameworksBuildPhase section */
		D3D264C02679338800F217D0 /* Frameworks */ = {
			isa = PBXFrameworksBuildPhase;
			buildActionMask = 2147483647;
			files = (
				D168ED91A1E52799E8D7CDE4 /* Pods_bootcamp.framework in Frameworks */,
			);
			runOnlyForDeploymentPostprocessing = 0;
		};
		D3D264D62679338900F217D0 /* Frameworks */ = {
			isa = PBXFrameworksBuildPhase;
			buildActionMask = 2147483647;
			files = (
				D4CADEE8E494B1EB1A9BF0EB /* Pods_bootcampTests.framework in Frameworks */,
			);
			runOnlyForDeploymentPostprocessing = 0;
		};
/* End PBXFrameworksBuildPhase section */

/* Begin PBXGroup section */
		5D2A6E7BC4370C528A833232 /* Frameworks */ = {
			isa = PBXGroup;
			children = (
				A4967A34CFA4240B45984DD1 /* Pods_bootcamp.framework */,
				8F1EC0753FCCB95DDEDCE5B8 /* Pods_bootcamp_bootcampUITests.framework */,
				8AB12282009F41CF7943045A /* Pods_bootcampTests.framework */,
			);
			name = Frameworks;
			sourceTree = "<group>";
		};
		836F3195D798F5E4FFA84E48 /* Pods */ = {
			isa = PBXGroup;
			children = (
				C66445C029551C8D357A3078 /* Pods-bootcamp.debug.xcconfig */,
				F7FEBB185DBFAA31E43515C9 /* Pods-bootcamp.release.xcconfig */,
				34D2C5D95BD1D83658F5A36D /* Pods-bootcamp-bootcampUITests.debug.xcconfig */,
				7D47919CF6DF796A1B461F54 /* Pods-bootcamp-bootcampUITests.release.xcconfig */,
				9CBA4F29EC96AE8700390648 /* Pods-bootcampTests.debug.xcconfig */,
				7AE3106F652C37DD3E531221 /* Pods-bootcampTests.release.xcconfig */,
			);
			path = Pods;
			sourceTree = "<group>";
		};
		BB312E772937BC0D0063B35E /* ChildControllers */ = {
			isa = PBXGroup;
			children = (
				BBE6719B294B7FD000019DB9 /* Cell */,
				BB312E782937BC2F0063B35E /* TimeDepositsARSController.swift */,
				BBD35ACC293E8D49005F8D47 /* USDViewController.swift */,
				BB188282292D0E7B004A10B6 /* TimeDepositsARSViewModel.swift */,
				BB188280292D0333004A10B6 /* TimeDepositsView.swift */,
			);
			path = ChildControllers;
			sourceTree = "<group>";
		};
		BB312E88293A63EA0063B35E /* Fonts */ = {
			isa = PBXGroup;
			children = (
				BB312E89293A642B0063B35E /* ProximaNovaSoft-Regular.otf */,
				BB312E8B293A643D0063B35E /* ProximaNovaSoft-Semibold.otf */,
				BB312E8D293A64480063B35E /* ProximaNovaSoft-Medium.otf */,
				BB312E8F293A64510063B35E /* ProximaNovaSoft-Bold.otf */,
			);
			path = Fonts;
			sourceTree = "<group>";
		};
		BB8EC03B295DEABB008261EC /* FakeModels */ = {
			isa = PBXGroup;
			children = (
				BB8EC037295DEAA6008261EC /* TimeDepositOptionsFake.swift */,
				BB8EC035295DEA97008261EC /* TimeDepositFake.swift */,
				BB8EC042295DEE85008261EC /* AccountFake.swift */,
			);
			path = FakeModels;
			sourceTree = "<group>";
		};
		BB8EC03C295DEACC008261EC /* FakeViewModels */ = {
			isa = PBXGroup;
			children = (
				BB8EC039295DEAAF008261EC /* TimeDepositOptionsViewModelFake.swift */,
				BB8EC03E295DECD7008261EC /* AccountViewModelFake.swift */,
			);
			path = FakeViewModels;
			sourceTree = "<group>";
		};
		BB8EC03D295DEAD9008261EC /* Tests */ = {
			isa = PBXGroup;
			children = (
				BB8EC040295DED70008261EC /* TimeDepositsARSViewModelTests.swift */,
				D3D264DD2679338900F217D0 /* NewTimeDepositViewModelTests.swift */,
				BB8EC04A295F36C0008261EC /* NewTimeDepositControllerTests.swift */,
				BB8EC048295E2D11008261EC /* ConfirmationViewModelTests.swift */,
				BB8EC033295DEA7B008261EC /* DetailsViewModelTests.swift */,
				BBB2A4032963627D00B879DE /* ExtensionTests.swift */,
			);
			path = Tests;
			sourceTree = "<group>";
		};
		BBA1DD342926B37A0082BE46 /* Resources */ = {
			isa = PBXGroup;
			children = (
				BB312E88293A63EA0063B35E /* Fonts */,
				BBC1E2762934576400D276EB /* Extensions */,
				BBD35AD2293F918C005F8D47 /* NumberFormatter.swift */,
				BB312E86293944E60063B35E /* CustomSegmentedControl.swift */,
				BBD35AD0293E9789005F8D47 /* ErrorView.swift */,
				BBD44CB3292E95EA00FF349C /* Theme.swift */,
				BBD44CA4292D602100FF349C /* Localizable.strings */,
			);
			path = Resources;
			sourceTree = "<group>";
		};
		BBA1DD3B2926B4540082BE46 /* Models */ = {
			isa = PBXGroup;
			children = (
				BBC1E28D2936920400D276EB /* APIServiceResponse.swift */,
				BBC1E264292FF17E00D276EB /* User.swift */,
				BBC1E2892936914600D276EB /* Account.swift */,
				BBC1E28B2936916300D276EB /* TimeDeposit.swift */,
				BBC1E2702931175C00D276EB /* Currency.swift */,
				BBE671A32950AB9300019DB9 /* TimeDepositOptions.swift */,
				BBE6D9AD2954DCAA00995250 /* GraphQLQuery.swift */,
			);
			path = Models;
			sourceTree = "<group>";
		};
		BBA1DD422926B4850082BE46 /* View Models */ = {
			isa = PBXGroup;
			children = (
				BBC1E27F29355CEE00D276EB /* AccountViewModel.swift */,
				BBE671A52950BE8D00019DB9 /* TimeDepositOptionsViewModel.swift */,
			);
			path = "View Models";
			sourceTree = "<group>";
		};
		BBA1DD452926B48E0082BE46 /* ConfirmationController */ = {
			isa = PBXGroup;
			children = (
				BBA1DD4A2926B48E0082BE46 /* ConfirmationController.swift */,
				BB18828D292D246F004A10B6 /* ConfirmationView.swift */,
				BB18828F292D2C4A004A10B6 /* ConfirmationViewModel.swift */,
			);
			path = ConfirmationController;
			sourceTree = "<group>";
		};
		BBC1E25F292FB88F00D276EB /* API Service */ = {
			isa = PBXGroup;
			children = (
				BBC1E260292FB8A800D276EB /* APIService.swift */,
				BBC1E274293448E600D276EB /* APIServiceProtocol.swift */,
				BBC1E2792934F4EB00D276EB /* APIServiceError.swift */,
			);
			path = "API Service";
			sourceTree = "<group>";
		};
		BBC1E2762934576400D276EB /* Extensions */ = {
			isa = PBXGroup;
			children = (
				BBC1E266292FF5BC00D276EB /* Bundle+Extension.swift */,
				BB312E8229392FFF0063B35E /* Int+Extension.swift */,
				BBE4A8F7295B6E3600D0ED49 /* Double+Extension.swift */,
				BBD44CB1292E7FC000FF349C /* Array+Extension.swift */,
				BBD44CAF292E7E9800FF349C /* Date+Extension.swift */,
				BBD44CAB292E7E5B00FF349C /* String+Extension.swift */,
				BBA1DD3C2926B4690082BE46 /* UIColor+Extension.swift */,
				BB312E71293796D90063B35E /* UIStackView+Extension.swift */,
				BB312E73293796E70063B35E /* UILabel+Extension.swift */,
				BB2CB7B4293E47320094747B /* UIImage+Extension.swift */,
			);
			path = Extensions;
			sourceTree = "<group>";
		};
		BBD44CA8292E540600FF349C /* InvestmentController */ = {
			isa = PBXGroup;
			children = (
				BB312E772937BC0D0063B35E /* ChildControllers */,
				BBA1DD4C2926B48E0082BE46 /* InvestmentsController.swift */,
				BB312E7C2937D1550063B35E /* InvestmentsView.swift */,
			);
			path = InvestmentController;
			sourceTree = "<group>";
		};
		BBD44CA9292E544500FF349C /* NewTimeDepositController */ = {
			isa = PBXGroup;
			children = (
				BBA1DD4B2926B48E0082BE46 /* NewTimeDepositController.swift */,
				BB188285292D12A7004A10B6 /* NewTimeDepositView.swift */,
				BB188287292D17BA004A10B6 /* NewTimeDepositViewModel.swift */,
				BBB2A401296355CB00B879DE /* NewTimeDepositRouter.swift */,
			);
			path = NewTimeDepositController;
			sourceTree = "<group>";
		};
		BBD44CAA292E546600FF349C /* TimeDepositDetailsController */ = {
			isa = PBXGroup;
			children = (
				BBE6719E294B7FF400019DB9 /* Cell */,
				BBA1DD492926B48E0082BE46 /* TimeDepositDetailsController.swift */,
				BB188289292D1B0D004A10B6 /* DetailsView.swift */,
				BB18828B292D1F07004A10B6 /* DetailsViewModel.swift */,
			);
			path = TimeDepositDetailsController;
			sourceTree = "<group>";
		};
		BBE6719B294B7FD000019DB9 /* Cell */ = {
			isa = PBXGroup;
			children = (
				BBA1DD472926B48E0082BE46 /* TimeDepositCell.swift */,
				BBE6719C294B7FE900019DB9 /* TimeDepositCellViewModel.swift */,
			);
			path = Cell;
			sourceTree = "<group>";
		};
		BBE6719E294B7FF400019DB9 /* Cell */ = {
			isa = PBXGroup;
			children = (
				BBA1DD482926B48E0082BE46 /* DetailsCell.swift */,
				BBE6719F294B800700019DB9 /* DetailsCellViewModel.swift */,
			);
			path = Cell;
			sourceTree = "<group>";
		};
		D3D264BA2679338800F217D0 = {
			isa = PBXGroup;
			children = (
				D3D264C52679338800F217D0 /* bootcamp */,
				D3D264DC2679338900F217D0 /* bootcampTests */,
				D3D264C42679338800F217D0 /* Products */,
				836F3195D798F5E4FFA84E48 /* Pods */,
				5D2A6E7BC4370C528A833232 /* Frameworks */,
			);
			sourceTree = "<group>";
		};
		D3D264C42679338800F217D0 /* Products */ = {
			isa = PBXGroup;
			children = (
				D3D264C32679338800F217D0 /* bootcamp.app */,
				D3D264D92679338900F217D0 /* bootcampTests.xctest */,
			);
			name = Products;
			sourceTree = "<group>";
		};
		D3D264C52679338800F217D0 /* bootcamp */ = {
			isa = PBXGroup;
			children = (
				BBA1DD302926B3550082BE46 /* AppDelegate.swift */,
				BBA1DD322926B36E0082BE46 /* SceneDelegate.swift */,
				BBC1E25F292FB88F00D276EB /* API Service */,
				BBD44CA8292E540600FF349C /* InvestmentController */,
				BBD44CA9292E544500FF349C /* NewTimeDepositController */,
				BBD44CAA292E546600FF349C /* TimeDepositDetailsController */,
				BBA1DD452926B48E0082BE46 /* ConfirmationController */,
				BBA1DD422926B4850082BE46 /* View Models */,
				BBA1DD3B2926B4540082BE46 /* Models */,
				BBA1DD342926B37A0082BE46 /* Resources */,
				D3D264D12679338900F217D0 /* LaunchScreen.storyboard */,
				D3D264CF2679338900F217D0 /* Assets.xcassets */,
				D3D264D42679338900F217D0 /* Info.plist */,
			);
			path = bootcamp;
			sourceTree = "<group>";
		};
		D3D264DC2679338900F217D0 /* bootcampTests */ = {
			isa = PBXGroup;
			children = (
				BB8EC03D295DEAD9008261EC /* Tests */,
				BB8EC03C295DEACC008261EC /* FakeViewModels */,
				BB8EC03B295DEABB008261EC /* FakeModels */,
				D3D264DF2679338900F217D0 /* Info.plist */,
			);
			path = bootcampTests;
			sourceTree = "<group>";
		};
/* End PBXGroup section */

/* Begin PBXNativeTarget section */
		D3D264C22679338800F217D0 /* bootcamp */ = {
			isa = PBXNativeTarget;
			buildConfigurationList = D3D264ED2679338900F217D0 /* Build configuration list for PBXNativeTarget "bootcamp" */;
			buildPhases = (
				3D61BFB11D25A694DC20E8BE /* [CP] Check Pods Manifest.lock */,
				D3D264BF2679338800F217D0 /* Sources */,
				D3D264C02679338800F217D0 /* Frameworks */,
				D3D264C12679338800F217D0 /* Resources */,
				3363C443675513C4641A5686 /* [CP] Embed Pods Frameworks */,
			);
			buildRules = (
			);
			dependencies = (
			);
			name = bootcamp;
			productName = bootcamp;
			productReference = D3D264C32679338800F217D0 /* bootcamp.app */;
			productType = "com.apple.product-type.application";
		};
		D3D264D82679338900F217D0 /* bootcampTests */ = {
			isa = PBXNativeTarget;
			buildConfigurationList = D3D264F02679338900F217D0 /* Build configuration list for PBXNativeTarget "bootcampTests" */;
			buildPhases = (
				087BFF042D1BA593E8608789 /* [CP] Check Pods Manifest.lock */,
				D3D264D52679338900F217D0 /* Sources */,
				D3D264D62679338900F217D0 /* Frameworks */,
				D3D264D72679338900F217D0 /* Resources */,
				6211391D59553D44B7F6CD69 /* [CP] Embed Pods Frameworks */,
			);
			buildRules = (
			);
			dependencies = (
				D3D264DB2679338900F217D0 /* PBXTargetDependency */,
			);
			name = bootcampTests;
			productName = bootcampTests;
			productReference = D3D264D92679338900F217D0 /* bootcampTests.xctest */;
			productType = "com.apple.product-type.bundle.unit-test";
		};
/* End PBXNativeTarget section */

/* Begin PBXProject section */
		D3D264BB2679338800F217D0 /* Project object */ = {
			isa = PBXProject;
			attributes = {
				LastSwiftUpdateCheck = 1250;
				LastUpgradeCheck = 1250;
				TargetAttributes = {
					D3D264C22679338800F217D0 = {
						CreatedOnToolsVersion = 12.5;
					};
					D3D264D82679338900F217D0 = {
						CreatedOnToolsVersion = 12.5;
						TestTargetID = D3D264C22679338800F217D0;
					};
				};
			};
			buildConfigurationList = D3D264BE2679338800F217D0 /* Build configuration list for PBXProject "bootcamp" */;
			compatibilityVersion = "Xcode 9.3";
			developmentRegion = en;
			hasScannedForEncodings = 0;
			knownRegions = (
				en,
				Base,
			);
			mainGroup = D3D264BA2679338800F217D0;
			productRefGroup = D3D264C42679338800F217D0 /* Products */;
			projectDirPath = "";
			projectRoot = "";
			targets = (
				D3D264C22679338800F217D0 /* bootcamp */,
				D3D264D82679338900F217D0 /* bootcampTests */,
			);
		};
/* End PBXProject section */

/* Begin PBXResourcesBuildPhase section */
		D3D264C12679338800F217D0 /* Resources */ = {
			isa = PBXResourcesBuildPhase;
			buildActionMask = 2147483647;
			files = (
				BBD44CA5292D602100FF349C /* Localizable.strings in Resources */,
				BB312E90293A64510063B35E /* ProximaNovaSoft-Bold.otf in Resources */,
				BB312E8A293A642B0063B35E /* ProximaNovaSoft-Regular.otf in Resources */,
				D3D264D32679338900F217D0 /* LaunchScreen.storyboard in Resources */,
				BB312E8C293A643D0063B35E /* ProximaNovaSoft-Semibold.otf in Resources */,
				D3D264D02679338900F217D0 /* Assets.xcassets in Resources */,
				BB312E8E293A64480063B35E /* ProximaNovaSoft-Medium.otf in Resources */,
			);
			runOnlyForDeploymentPostprocessing = 0;
		};
		D3D264D72679338900F217D0 /* Resources */ = {
			isa = PBXResourcesBuildPhase;
			buildActionMask = 2147483647;
			files = (
			);
			runOnlyForDeploymentPostprocessing = 0;
		};
/* End PBXResourcesBuildPhase section */

/* Begin PBXShellScriptBuildPhase section */
		087BFF042D1BA593E8608789 /* [CP] Check Pods Manifest.lock */ = {
			isa = PBXShellScriptBuildPhase;
			buildActionMask = 2147483647;
			files = (
			);
			inputFileListPaths = (
			);
			inputPaths = (
				"${PODS_PODFILE_DIR_PATH}/Podfile.lock",
				"${PODS_ROOT}/Manifest.lock",
			);
			name = "[CP] Check Pods Manifest.lock";
			outputFileListPaths = (
			);
			outputPaths = (
				"$(DERIVED_FILE_DIR)/Pods-bootcampTests-checkManifestLockResult.txt",
			);
			runOnlyForDeploymentPostprocessing = 0;
			shellPath = /bin/sh;
			shellScript = "diff \"${PODS_PODFILE_DIR_PATH}/Podfile.lock\" \"${PODS_ROOT}/Manifest.lock\" > /dev/null\nif [ $? != 0 ] ; then\n    # print error to STDERR\n    echo \"error: The sandbox is not in sync with the Podfile.lock. Run 'pod install' or update your CocoaPods installation.\" >&2\n    exit 1\nfi\n# This output is used by Xcode 'outputs' to avoid re-running this script phase.\necho \"SUCCESS\" > \"${SCRIPT_OUTPUT_FILE_0}\"\n";
			showEnvVarsInLog = 0;
		};
		3363C443675513C4641A5686 /* [CP] Embed Pods Frameworks */ = {
			isa = PBXShellScriptBuildPhase;
			buildActionMask = 2147483647;
			files = (
			);
			inputFileListPaths = (
				"${PODS_ROOT}/Target Support Files/Pods-bootcamp/Pods-bootcamp-frameworks-${CONFIGURATION}-input-files.xcfilelist",
			);
			name = "[CP] Embed Pods Frameworks";
			outputFileListPaths = (
				"${PODS_ROOT}/Target Support Files/Pods-bootcamp/Pods-bootcamp-frameworks-${CONFIGURATION}-output-files.xcfilelist",
			);
			runOnlyForDeploymentPostprocessing = 0;
			shellPath = /bin/sh;
			shellScript = "\"${PODS_ROOT}/Target Support Files/Pods-bootcamp/Pods-bootcamp-frameworks.sh\"\n";
			showEnvVarsInLog = 0;
		};
		3D61BFB11D25A694DC20E8BE /* [CP] Check Pods Manifest.lock */ = {
			isa = PBXShellScriptBuildPhase;
			buildActionMask = 2147483647;
			files = (
			);
			inputFileListPaths = (
			);
			inputPaths = (
				"${PODS_PODFILE_DIR_PATH}/Podfile.lock",
				"${PODS_ROOT}/Manifest.lock",
			);
			name = "[CP] Check Pods Manifest.lock";
			outputFileListPaths = (
			);
			outputPaths = (
				"$(DERIVED_FILE_DIR)/Pods-bootcamp-checkManifestLockResult.txt",
			);
			runOnlyForDeploymentPostprocessing = 0;
			shellPath = /bin/sh;
			shellScript = "diff \"${PODS_PODFILE_DIR_PATH}/Podfile.lock\" \"${PODS_ROOT}/Manifest.lock\" > /dev/null\nif [ $? != 0 ] ; then\n    # print error to STDERR\n    echo \"error: The sandbox is not in sync with the Podfile.lock. Run 'pod install' or update your CocoaPods installation.\" >&2\n    exit 1\nfi\n# This output is used by Xcode 'outputs' to avoid re-running this script phase.\necho \"SUCCESS\" > \"${SCRIPT_OUTPUT_FILE_0}\"\n";
			showEnvVarsInLog = 0;
		};
		6211391D59553D44B7F6CD69 /* [CP] Embed Pods Frameworks */ = {
			isa = PBXShellScriptBuildPhase;
			buildActionMask = 2147483647;
			files = (
			);
			inputFileListPaths = (
				"${PODS_ROOT}/Target Support Files/Pods-bootcampTests/Pods-bootcampTests-frameworks-${CONFIGURATION}-input-files.xcfilelist",
			);
			name = "[CP] Embed Pods Frameworks";
			outputFileListPaths = (
				"${PODS_ROOT}/Target Support Files/Pods-bootcampTests/Pods-bootcampTests-frameworks-${CONFIGURATION}-output-files.xcfilelist",
			);
			runOnlyForDeploymentPostprocessing = 0;
			shellPath = /bin/sh;
			shellScript = "\"${PODS_ROOT}/Target Support Files/Pods-bootcampTests/Pods-bootcampTests-frameworks.sh\"\n";
			showEnvVarsInLog = 0;
		};
/* End PBXShellScriptBuildPhase section */

/* Begin PBXSourcesBuildPhase section */
		D3D264BF2679338800F217D0 /* Sources */ = {
			isa = PBXSourcesBuildPhase;
			buildActionMask = 2147483647;
			files = (
				BBA1DD4D2926B48E0082BE46 /* TimeDepositCell.swift in Sources */,
				BBC1E261292FB8A800D276EB /* APIService.swift in Sources */,
				BBD44CB0292E7E9800FF349C /* Date+Extension.swift in Sources */,
				BB312E8329392FFF0063B35E /* Int+Extension.swift in Sources */,
				BBA1DD312926B3550082BE46 /* AppDelegate.swift in Sources */,
				BB312E7D2937D1550063B35E /* InvestmentsView.swift in Sources */,
				BBC1E28E2936920400D276EB /* APIServiceResponse.swift in Sources */,
				BBC1E27A2934F4EB00D276EB /* APIServiceError.swift in Sources */,
				BBE6D9AE2954DCAA00995250 /* GraphQLQuery.swift in Sources */,
				BBE671A0294B800700019DB9 /* DetailsCellViewModel.swift in Sources */,
				BB312E792937BC2F0063B35E /* TimeDepositsARSController.swift in Sources */,
				BBA1DD4F2926B48E0082BE46 /* TimeDepositDetailsController.swift in Sources */,
				BBC1E2712931175C00D276EB /* Currency.swift in Sources */,
				BB312E74293796E70063B35E /* UILabel+Extension.swift in Sources */,
				BB312E72293796D90063B35E /* UIStackView+Extension.swift in Sources */,
				BBA1DD4E2926B48E0082BE46 /* DetailsCell.swift in Sources */,
				BB2CB7B5293E47320094747B /* UIImage+Extension.swift in Sources */,
				BBD35AD3293F918C005F8D47 /* NumberFormatter.swift in Sources */,
				BB188288292D17BA004A10B6 /* NewTimeDepositViewModel.swift in Sources */,
				BB188286292D12A7004A10B6 /* NewTimeDepositView.swift in Sources */,
				BBA1DD3F2926B46A0082BE46 /* UIColor+Extension.swift in Sources */,
				BBD44CB4292E95EA00FF349C /* Theme.swift in Sources */,
				BBC1E28A2936914600D276EB /* Account.swift in Sources */,
				BBB2A402296355CB00B879DE /* NewTimeDepositRouter.swift in Sources */,
				BBD35AD1293E9789005F8D47 /* ErrorView.swift in Sources */,
				BBA1DD522926B48E0082BE46 /* InvestmentsController.swift in Sources */,
				BBC1E28029355CEE00D276EB /* AccountViewModel.swift in Sources */,
				BBD44CAC292E7E5B00FF349C /* String+Extension.swift in Sources */,
				BB18828E292D246F004A10B6 /* ConfirmationView.swift in Sources */,
				BBE6719D294B7FE900019DB9 /* TimeDepositCellViewModel.swift in Sources */,
				BBC1E28C2936916300D276EB /* TimeDeposit.swift in Sources */,
				BBE671A42950AB9300019DB9 /* TimeDepositOptions.swift in Sources */,
				BBE671A62950BE8D00019DB9 /* TimeDepositOptionsViewModel.swift in Sources */,
				BBD35ACD293E8D49005F8D47 /* USDViewController.swift in Sources */,
				BBC1E267292FF5BC00D276EB /* Bundle+Extension.swift in Sources */,
				BBC1E265292FF17E00D276EB /* User.swift in Sources */,
				BB188283292D0E7B004A10B6 /* TimeDepositsARSViewModel.swift in Sources */,
				BBC1E275293448E600D276EB /* APIServiceProtocol.swift in Sources */,
				BBD44CB2292E7FC000FF349C /* Array+Extension.swift in Sources */,
				BBA1DD502926B48E0082BE46 /* ConfirmationController.swift in Sources */,
				BB312E87293944E60063B35E /* CustomSegmentedControl.swift in Sources */,
				BB188281292D0333004A10B6 /* TimeDepositsView.swift in Sources */,
				BBA1DD512926B48E0082BE46 /* NewTimeDepositController.swift in Sources */,
				BB188290292D2C4A004A10B6 /* ConfirmationViewModel.swift in Sources */,
				BB18828C292D1F07004A10B6 /* DetailsViewModel.swift in Sources */,
				BB18828A292D1B0D004A10B6 /* DetailsView.swift in Sources */,
				BBA1DD332926B36E0082BE46 /* SceneDelegate.swift in Sources */,
				BBE4A8F8295B6E3600D0ED49 /* Double+Extension.swift in Sources */,
			);
			runOnlyForDeploymentPostprocessing = 0;
		};
		D3D264D52679338900F217D0 /* Sources */ = {
			isa = PBXSourcesBuildPhase;
			buildActionMask = 2147483647;
			files = (
				BB8EC049295E2D11008261EC /* ConfirmationViewModelTests.swift in Sources */,
				BB8EC043295DEE85008261EC /* AccountFake.swift in Sources */,
				BBB2A4042963627D00B879DE /* ExtensionTests.swift in Sources */,
				D3D264DE2679338900F217D0 /* NewTimeDepositViewModelTests.swift in Sources */,
				BB8EC03A295DEAAF008261EC /* TimeDepositOptionsViewModelFake.swift in Sources */,
				BB8EC04B295F36C0008261EC /* NewTimeDepositControllerTests.swift in Sources */,
				BB8EC038295DEAA6008261EC /* TimeDepositOptionsFake.swift in Sources */,
				BB8EC041295DED70008261EC /* TimeDepositsARSViewModelTests.swift in Sources */,
				BB8EC036295DEA97008261EC /* TimeDepositFake.swift in Sources */,
				BB8EC034295DEA7B008261EC /* DetailsViewModelTests.swift in Sources */,
				BB8EC03F295DECD7008261EC /* AccountViewModelFake.swift in Sources */,
			);
			runOnlyForDeploymentPostprocessing = 0;
		};
/* End PBXSourcesBuildPhase section */

/* Begin PBXTargetDependency section */
		D3D264DB2679338900F217D0 /* PBXTargetDependency */ = {
			isa = PBXTargetDependency;
			target = D3D264C22679338800F217D0 /* bootcamp */;
			targetProxy = D3D264DA2679338900F217D0 /* PBXContainerItemProxy */;
		};
/* End PBXTargetDependency section */

/* Begin PBXVariantGroup section */
		D3D264D12679338900F217D0 /* LaunchScreen.storyboard */ = {
			isa = PBXVariantGroup;
			children = (
				D3D264D22679338900F217D0 /* Base */,
			);
			name = LaunchScreen.storyboard;
			sourceTree = "<group>";
		};
/* End PBXVariantGroup section */

/* Begin XCBuildConfiguration section */
		D3D264EB2679338900F217D0 /* Debug */ = {
			isa = XCBuildConfiguration;
			buildSettings = {
				ALWAYS_SEARCH_USER_PATHS = NO;
				CLANG_ANALYZER_LOCALIZABILITY_NONLOCALIZED = YES;
				CLANG_ANALYZER_NONNULL = YES;
				CLANG_ANALYZER_NUMBER_OBJECT_CONVERSION = YES_AGGRESSIVE;
				CLANG_CXX_LANGUAGE_STANDARD = "gnu++14";
				CLANG_CXX_LIBRARY = "libc++";
				CLANG_ENABLE_MODULES = YES;
				CLANG_ENABLE_OBJC_ARC = YES;
				CLANG_ENABLE_OBJC_WEAK = YES;
				CLANG_WARN_BLOCK_CAPTURE_AUTORELEASING = YES;
				CLANG_WARN_BOOL_CONVERSION = YES;
				CLANG_WARN_COMMA = YES;
				CLANG_WARN_CONSTANT_CONVERSION = YES;
				CLANG_WARN_DEPRECATED_OBJC_IMPLEMENTATIONS = YES;
				CLANG_WARN_DIRECT_OBJC_ISA_USAGE = YES_ERROR;
				CLANG_WARN_DOCUMENTATION_COMMENTS = YES;
				CLANG_WARN_EMPTY_BODY = YES;
				CLANG_WARN_ENUM_CONVERSION = YES;
				CLANG_WARN_INFINITE_RECURSION = YES;
				CLANG_WARN_INT_CONVERSION = YES;
				CLANG_WARN_NON_LITERAL_NULL_CONVERSION = YES;
				CLANG_WARN_OBJC_IMPLICIT_RETAIN_SELF = YES;
				CLANG_WARN_OBJC_LITERAL_CONVERSION = YES;
				CLANG_WARN_OBJC_ROOT_CLASS = YES_ERROR;
				CLANG_WARN_QUOTED_INCLUDE_IN_FRAMEWORK_HEADER = YES;
				CLANG_WARN_RANGE_LOOP_ANALYSIS = YES;
				CLANG_WARN_STRICT_PROTOTYPES = YES;
				CLANG_WARN_SUSPICIOUS_MOVE = YES;
				CLANG_WARN_UNGUARDED_AVAILABILITY = YES_AGGRESSIVE;
				CLANG_WARN_UNREACHABLE_CODE = YES;
				CLANG_WARN__DUPLICATE_METHOD_MATCH = YES;
				COPY_PHASE_STRIP = NO;
				DEBUG_INFORMATION_FORMAT = dwarf;
				ENABLE_STRICT_OBJC_MSGSEND = YES;
				ENABLE_TESTABILITY = YES;
				GCC_C_LANGUAGE_STANDARD = gnu11;
				GCC_DYNAMIC_NO_PIC = NO;
				GCC_NO_COMMON_BLOCKS = YES;
				GCC_OPTIMIZATION_LEVEL = 0;
				GCC_PREPROCESSOR_DEFINITIONS = (
					"DEBUG=1",
					"$(inherited)",
				);
				GCC_WARN_64_TO_32_BIT_CONVERSION = YES;
				GCC_WARN_ABOUT_RETURN_TYPE = YES_ERROR;
				GCC_WARN_UNDECLARED_SELECTOR = YES;
				GCC_WARN_UNINITIALIZED_AUTOS = YES_AGGRESSIVE;
				GCC_WARN_UNUSED_FUNCTION = YES;
				GCC_WARN_UNUSED_VARIABLE = YES;
				IPHONEOS_DEPLOYMENT_TARGET = 14.5;
				MTL_ENABLE_DEBUG_INFO = INCLUDE_SOURCE;
				MTL_FAST_MATH = YES;
				ONLY_ACTIVE_ARCH = YES;
				SDKROOT = iphoneos;
				SWIFT_ACTIVE_COMPILATION_CONDITIONS = DEBUG;
				SWIFT_OPTIMIZATION_LEVEL = "-Onone";
			};
			name = Debug;
		};
		D3D264EC2679338900F217D0 /* Release */ = {
			isa = XCBuildConfiguration;
			buildSettings = {
				ALWAYS_SEARCH_USER_PATHS = NO;
				CLANG_ANALYZER_LOCALIZABILITY_NONLOCALIZED = YES;
				CLANG_ANALYZER_NONNULL = YES;
				CLANG_ANALYZER_NUMBER_OBJECT_CONVERSION = YES_AGGRESSIVE;
				CLANG_CXX_LANGUAGE_STANDARD = "gnu++14";
				CLANG_CXX_LIBRARY = "libc++";
				CLANG_ENABLE_MODULES = YES;
				CLANG_ENABLE_OBJC_ARC = YES;
				CLANG_ENABLE_OBJC_WEAK = YES;
				CLANG_WARN_BLOCK_CAPTURE_AUTORELEASING = YES;
				CLANG_WARN_BOOL_CONVERSION = YES;
				CLANG_WARN_COMMA = YES;
				CLANG_WARN_CONSTANT_CONVERSION = YES;
				CLANG_WARN_DEPRECATED_OBJC_IMPLEMENTATIONS = YES;
				CLANG_WARN_DIRECT_OBJC_ISA_USAGE = YES_ERROR;
				CLANG_WARN_DOCUMENTATION_COMMENTS = YES;
				CLANG_WARN_EMPTY_BODY = YES;
				CLANG_WARN_ENUM_CONVERSION = YES;
				CLANG_WARN_INFINITE_RECURSION = YES;
				CLANG_WARN_INT_CONVERSION = YES;
				CLANG_WARN_NON_LITERAL_NULL_CONVERSION = YES;
				CLANG_WARN_OBJC_IMPLICIT_RETAIN_SELF = YES;
				CLANG_WARN_OBJC_LITERAL_CONVERSION = YES;
				CLANG_WARN_OBJC_ROOT_CLASS = YES_ERROR;
				CLANG_WARN_QUOTED_INCLUDE_IN_FRAMEWORK_HEADER = YES;
				CLANG_WARN_RANGE_LOOP_ANALYSIS = YES;
				CLANG_WARN_STRICT_PROTOTYPES = YES;
				CLANG_WARN_SUSPICIOUS_MOVE = YES;
				CLANG_WARN_UNGUARDED_AVAILABILITY = YES_AGGRESSIVE;
				CLANG_WARN_UNREACHABLE_CODE = YES;
				CLANG_WARN__DUPLICATE_METHOD_MATCH = YES;
				COPY_PHASE_STRIP = NO;
				DEBUG_INFORMATION_FORMAT = "dwarf-with-dsym";
				ENABLE_NS_ASSERTIONS = NO;
				ENABLE_STRICT_OBJC_MSGSEND = YES;
				GCC_C_LANGUAGE_STANDARD = gnu11;
				GCC_NO_COMMON_BLOCKS = YES;
				GCC_WARN_64_TO_32_BIT_CONVERSION = YES;
				GCC_WARN_ABOUT_RETURN_TYPE = YES_ERROR;
				GCC_WARN_UNDECLARED_SELECTOR = YES;
				GCC_WARN_UNINITIALIZED_AUTOS = YES_AGGRESSIVE;
				GCC_WARN_UNUSED_FUNCTION = YES;
				GCC_WARN_UNUSED_VARIABLE = YES;
				IPHONEOS_DEPLOYMENT_TARGET = 14.5;
				MTL_ENABLE_DEBUG_INFO = NO;
				MTL_FAST_MATH = YES;
				SDKROOT = iphoneos;
				SWIFT_COMPILATION_MODE = wholemodule;
				SWIFT_OPTIMIZATION_LEVEL = "-O";
				VALIDATE_PRODUCT = YES;
			};
			name = Release;
		};
		D3D264EE2679338900F217D0 /* Debug */ = {
			isa = XCBuildConfiguration;
			baseConfigurationReference = C66445C029551C8D357A3078 /* Pods-bootcamp.debug.xcconfig */;
			buildSettings = {
				ASSETCATALOG_COMPILER_APPICON_NAME = AppIcon;
				ASSETCATALOG_COMPILER_GLOBAL_ACCENT_COLOR_NAME = AccentColor;
				CODE_SIGN_STYLE = Automatic;
				DEVELOPMENT_TEAM = 4MWCWD4775;
				INFOPLIST_FILE = bootcamp/Info.plist;
				LD_RUNPATH_SEARCH_PATHS = (
					"$(inherited)",
					"@executable_path/Frameworks",
				);
				PRODUCT_BUNDLE_IDENTIFIER = com.ios.bootcamp;
				PRODUCT_NAME = "$(TARGET_NAME)";
				SWIFT_VERSION = 5.0;
				TARGETED_DEVICE_FAMILY = "1,2";
			};
			name = Debug;
		};
		D3D264EF2679338900F217D0 /* Release */ = {
			isa = XCBuildConfiguration;
			baseConfigurationReference = F7FEBB185DBFAA31E43515C9 /* Pods-bootcamp.release.xcconfig */;
			buildSettings = {
				ASSETCATALOG_COMPILER_APPICON_NAME = AppIcon;
				ASSETCATALOG_COMPILER_GLOBAL_ACCENT_COLOR_NAME = AccentColor;
				CODE_SIGN_STYLE = Automatic;
				DEVELOPMENT_TEAM = 4MWCWD4775;
				INFOPLIST_FILE = bootcamp/Info.plist;
				LD_RUNPATH_SEARCH_PATHS = (
					"$(inherited)",
					"@executable_path/Frameworks",
				);
				PRODUCT_BUNDLE_IDENTIFIER = com.ios.bootcamp;
				PRODUCT_NAME = "$(TARGET_NAME)";
				SWIFT_VERSION = 5.0;
				TARGETED_DEVICE_FAMILY = "1,2";
			};
			name = Release;
		};
		D3D264F12679338900F217D0 /* Debug */ = {
			isa = XCBuildConfiguration;
			baseConfigurationReference = 9CBA4F29EC96AE8700390648 /* Pods-bootcampTests.debug.xcconfig */;
			buildSettings = {
				ALWAYS_EMBED_SWIFT_STANDARD_LIBRARIES = YES;
				BUNDLE_LOADER = "$(TEST_HOST)";
				CODE_SIGN_STYLE = Automatic;
				INFOPLIST_FILE = bootcampTests/Info.plist;
				IPHONEOS_DEPLOYMENT_TARGET = 14.5;
				LD_RUNPATH_SEARCH_PATHS = (
					"$(inherited)",
					"@executable_path/Frameworks",
					"@loader_path/Frameworks",
				);
				PRODUCT_BUNDLE_IDENTIFIER = com.ios.bootcampTests;
				PRODUCT_NAME = "$(TARGET_NAME)";
				SWIFT_VERSION = 5.0;
				TARGETED_DEVICE_FAMILY = "1,2";
				TEST_HOST = "$(BUILT_PRODUCTS_DIR)/bootcamp.app/bootcamp";
			};
			name = Debug;
		};
		D3D264F22679338900F217D0 /* Release */ = {
			isa = XCBuildConfiguration;
			baseConfigurationReference = 7AE3106F652C37DD3E531221 /* Pods-bootcampTests.release.xcconfig */;
			buildSettings = {
				ALWAYS_EMBED_SWIFT_STANDARD_LIBRARIES = YES;
				BUNDLE_LOADER = "$(TEST_HOST)";
				CODE_SIGN_STYLE = Automatic;
				INFOPLIST_FILE = bootcampTests/Info.plist;
				IPHONEOS_DEPLOYMENT_TARGET = 14.5;
				LD_RUNPATH_SEARCH_PATHS = (
					"$(inherited)",
					"@executable_path/Frameworks",
					"@loader_path/Frameworks",
				);
				PRODUCT_BUNDLE_IDENTIFIER = com.ios.bootcampTests;
				PRODUCT_NAME = "$(TARGET_NAME)";
				SWIFT_VERSION = 5.0;
				TARGETED_DEVICE_FAMILY = "1,2";
				TEST_HOST = "$(BUILT_PRODUCTS_DIR)/bootcamp.app/bootcamp";
			};
			name = Release;
		};
/* End XCBuildConfiguration section */

/* Begin XCConfigurationList section */
		D3D264BE2679338800F217D0 /* Build configuration list for PBXProject "bootcamp" */ = {
			isa = XCConfigurationList;
			buildConfigurations = (
				D3D264EB2679338900F217D0 /* Debug */,
				D3D264EC2679338900F217D0 /* Release */,
			);
			defaultConfigurationIsVisible = 0;
			defaultConfigurationName = Release;
		};
		D3D264ED2679338900F217D0 /* Build configuration list for PBXNativeTarget "bootcamp" */ = {
			isa = XCConfigurationList;
			buildConfigurations = (
				D3D264EE2679338900F217D0 /* Debug */,
				D3D264EF2679338900F217D0 /* Release */,
			);
			defaultConfigurationIsVisible = 0;
			defaultConfigurationName = Release;
		};
		D3D264F02679338900F217D0 /* Build configuration list for PBXNativeTarget "bootcampTests" */ = {
			isa = XCConfigurationList;
			buildConfigurations = (
				D3D264F12679338900F217D0 /* Debug */,
				D3D264F22679338900F217D0 /* Release */,
			);
			defaultConfigurationIsVisible = 0;
			defaultConfigurationName = Release;
		};
/* End XCConfigurationList section */
	};
	rootObject = D3D264BB2679338800F217D0 /* Project object */;
}
